PODS:
  - RxBlocking (6.2.0):
    - RxSwift (= 6.2.0)
  - RxCocoa (6.2.0):
    - RxRelay (= 6.2.0)
    - RxSwift (= 6.2.0)
  - RxRelay (6.2.0):
    - RxSwift (= 6.2.0)
  - RxSwift (6.2.0)
  - SDWebImage (5.12.5):
    - SDWebImage/Core (= 5.12.5)
  - SDWebImage/Core (5.12.5)
  - SVProgressHUD (2.2.5)
  - SwiftGen (6.6.2)

DEPENDENCIES:
  - RxBlocking (= 6.2.0)
  - RxCocoa (= 6.2.0)
  - RxSwift (= 6.2.0)
  - SDWebImage (~> 5.0)
  - SVProgressHUD
  - SwiftGen (~> 6.0)

SPEC REPOS:
  trunk:
    - RxBlocking
    - RxCocoa
    - RxRelay
    - RxSwift
    - SDWebImage
    - SVProgressHUD
    - SwiftGen

SPEC CHECKSUMS:
  RxBlocking: 0b29f7d2079109a8de49c411381bed7c33ef1eeb
  RxCocoa: 4baf94bb35f2c0ab31bc0cb9f1900155f646ba42
  RxRelay: e72dbfd157807478401ef1982e1c61c945c94b2f
  RxSwift: d356ab7bee873611322f134c5f9ef379fa183d8f
  SDWebImage: 0905f1b7760fc8ac4198cae0036600d67478751e
  SVProgressHUD: 1428aafac632c1f86f62aa4243ec12008d7a51d6
  SwiftGen: 1366a7f71aeef49954ca5a63ba4bef6b0f24138c

PODFILE CHECKSUM: b830b7f29435df7612b0697bc0c4c2d48b543fc4

COCOAPODS: 1.11.3
